# This file is automatically @generated by Poetry 2.4.1 and should not be changed by hand.

[[package]]
name = "colorama"
version = "0.4.6"
description = "Cross-platform colored terminal text."
optional = false
python-versions = "!=3.0.*,!=3.1.*,!=3.2.*,!=3.3.*,!=3.4.*,!=3.5.*,!=3.6.*,>=2.7"
groups = ["main"]
markers = "sys_platform == \"win32\""
files = [
    {file = "colorama-0.4.6-py2.py3-none-any.whl", hash = "sha256:4f1d9991f5acc0ca119f9d443620b77f9d6b33703e51011c16baf57afb285fc6"},
    {file = "colorama-0.4.6.tar.gz", hash = "sha256:08695f5cb7ed6e0531a20572697297273c47b8cae5a63ffc6d6ed5c201be6e44"},
]

[[package]]
name = "coverage"
version = "7.15.1"
description = "Code coverage measurement for Python"
optional = false
python-versions = ">=3.10"
groups = ["main"]
files = [
    {file = "coverage-7.15.1-cp310-cp310-macosx_10_9_x86_64.whl", hash = "sha256:05d87c2a43373ad6b976d0a99ad58c48633633bcdeb896dc645a006472cc4a71"},
    {file = "coverage-7.15.1-cp310-cp310-macosx_11_0_arm64.whl", hash = "sha256:2afce82f2cf8f4c9002746a42755e1dc61baff33d9f7ab5569b4c9101f8f4d1d"},
    {file = "coverage-7.15.1-cp310-cp310-manylinux1_i686.manylinux_2_28_i686.manylinux_2_5_i686.whl", hash = "sha256:0a545ef5384d787d0fcac6c349afc2c5f99dcc39e13ed3c191b2c06305f64c04"},
    {file = "coverage-7.15.1-cp310-cp310-manylinux1_x86_64.manylinux_2_28_x86_64.manylinux_2_5_x86_64.whl", hash = "sha256:afaa144b8f5b3bc69fe0ce50d401c46b01ab264782553bfd05a3f98804524ecb"},
    {file = "coverage-7.15.1-cp310-cp310-manylinux2014_aarch64.manylinux_2_17_aarch64.manylinux_2_28_aarch64.whl", hash = "sha256:e1b6099490e5f88569c46b18605f556c3b30acc9a0a219cf7ef8fab8f7161ec4"},
    {file = "coverage-7.15.1-cp310-cp310-manylinux2014_ppc64le.manylinux_2_17_ppc64le.manylinux_2_28_ppc64le.whl", hash = "sha256:bb5f6c2cf1ffd0bf2bd925c7cdcae9b4f208e9696d453ed51eb1f5fa0cc5b45b"},
    {file = "coverage-7.15.1-cp310-cp310-manylinux_2_31_riscv64.manylinux_2_39_riscv64.whl", hash = "sha256:81572011fc1fc271317da35da593944daef7bfd507085e35751abbe702b74f69"},
    {file = "coverage-7.15.1-cp310-cp310-musllinux_1_2_aarch64.whl", hash = "sha256:8f765d13c08497687d0780cca66115c6aa4ba6703ad43b61e94fab9db689e3a3"},
    {file = "coverage-7.15.1-cp310-cp310-musllinux_1_2_i686.whl", hash = "sha256:771caba880fee96493d18dfc465c318e08ab74e3bc2a3e4089e52514be6a6e54"},
    {file = "coverage-7.15.1-cp310-cp310-musllinux_1_2_ppc64le.whl", hash = "sha256:433a73200848e80f27712fc113b6ff5311f29b479a7d3bd4b1106138a77f9674"},
    {file = "coverage-7.15.1-cp310-cp310-musllinux_1_2_riscv64.whl", hash = "sha256:5d6fa45079db9fbeba0a69e3d91189f05301d6ac918162a53179d32fc9ed4910"},
    {file = "coverage-7.15.1-cp310-cp310-musllinux_1_2_x86_64.whl", hash = "sha256:00b6703c6640075cdce5124e9335dfdf9167272475301828acfdd09c0e5ee731"},
    {file = "coverage-7.15.1-cp310-cp310-win32.whl", hash = "sha256:3ad9a0eac4728327fd870d52f74d2e631d176c5f178eaea2d9983ab5b9755a55"},
    {file = "coverage-7.15.1-cp310-cp310-win_amd64.whl", hash = "sha256:eb5fa75dc3d30e3a1b75da97973479b20ffa9b0641ff56d6e94b5f3e210daa54"},
    {file = "coverage-7.15.1-cp311-cp311-macosx_10_9_x86_64.whl", hash = "sha256:6506330b4a8dcf53b95bd84d8d0e817107cdb3fc1438e835029cdf0bc6612eb0"},
    {file = "coverage-7.15.1-cp311-cp311-macosx_11_0_arm64.whl", hash = "sha256:f8a51a8ec382c39d939cba0ab07ae949077ae4e842343bd4eed22d432358cea9"},
    {file = "coverage-7.15.1-cp311-cp311-manylinux1_i686.manylinux_2_28_i686.manylinux_2_5_i686.whl", hash = "sha256:18ea20e3922d7f8ca9e0ef1084408d08c4ad62d5e531cb9c1f6896a99297ebea"},
    {file = "coverage-7.15.1-cp311-cp311-manylinux1_x86_64.manylinux_2_28_x86_64.manylinux_2_5_x86_64.whl", hash = "sha256:aab9902a64b8390e3b56e539fddae1d79a267807fe5cb0c18d7d2f544ce867e2"},
    {file = "coverage-7.15.1-cp311-cp311-manylinux2014_aarch64.manylinux_2_17_aarch64.manylinux_2_28_aarch64.whl", hash = "sha256:8cc316264317b07a9e90d7f2b4188a15e36e9b54e651081b791b0515fa612a29"},
    {file = "coverage-7.15.1-cp311-cp311-manylinux2014_ppc64le.manylinux_2_17_ppc64le.manylinux_2_28_ppc64le.whl", hash = "sha256:d4e47e7eea81a8ccf060a07627654151d929da62c7b715738387c200905cec89"},
    {file = "coverage-7.15.1-cp311-cp311-manylinux_2_31_riscv64.manylinux_2_39_riscv64.whl", hash = "sha256:c6829d9a3b55ad2b73ef5fda8302e5be03683789e88b1a079dcf4a773229c21d"},
    {file = "coverage-7.15.1-cp311-cp311-musllinux_1_2_aarch64.whl", hash = "sha256:764e045811f9c8cda436641f3f088283351d331a519b5807f19041cd0a68da1c"},
    {file = "coverage-7.15.1-cp311-cp311-musllinux_1_2_i686.whl", hash = "sha256:09b3b088aa24489c4082bcc35fcc8224281ab94a653dfb6d3f0c8165b0d628ab"},
    {file = "coverage-7.15.1-cp311-cp311-musllinux_1_2_ppc64le.whl", hash = "sha256:7911b02f57053adf8164ae63edb1c26574d24dfccabadc5268cf69310a69a358"},
    {file = "coverage-7.15.1-cp311-cp311-musllinux_1_2_riscv64.whl", hash = "sha256:664e279ed40599b8ed16f4db18d92a7e212c73129672bec8f5d96d4da48d2404"},
    {file = "coverage-7.15.1-cp311-cp311-musllinux_1_2_x86_64.whl", hash = "sha256:34fe7cf79d5f1f87f2e8ce7dc1c32950841f50e10d0120f263856acfad66de34"},
    {file = "coverage-7.15.1-cp311-cp311-win32.whl", hash = "sha256:5e2d2536d2f57a354aa382ed303ac0e2e5c9522a508c05b998d26181b94163a7"},
    {file = "coverage-7.15.1-cp311-cp311-win_amd64.whl", hash = "sha256:c337da8fca7ea93ab43f3868cfcde6cf6dad32c3906b273cfbad5d7390bc423b"},
    {file = "coverage-7.15.1-cp311-cp311-win_arm64.whl", hash = "sha256:db3403fdb7a94d5eb73e099befad8104d2a7d110a0f0d99df0de61c5d1fa756c"},
    {file = "coverage-7.15.1-cp312-cp312-macosx_10_13_x86_64.whl", hash = "sha256:d9476292594309db922cc841dd13b303b3c388f4c25d279884f7e2341c681f80"},
    {file = "coverage-7.15.1-cp312-cp312-macosx_11_0_arm64.whl", hash = "sha256:0c579056b0de461b3a62318b63d0b6ce90aed7f8158d3f00da094df82f29d189"},
    {file = "coverage-7.15.1-cp312-cp312-manylinux1_i686.manylinux_2_28_i686.manylinux_2_5_i686.whl", hash = "sha256:23214bdbe226f2b0e9c66a7d6a1d59d4a88045dcf86e702cf0fe0d0935e3d615"},
    {file = "coverage-7.15.1-cp312-cp312-manylinux1_x86_64.manylinux_2_28_x86_64.manylinux_2_5_x86_64.whl", hash = "sha256:df164be93b46b4825cc39339440a05edc54c4d1d865ba4a60fd43d151a2a1cd3"},
    {file = "coverage-7.15.1-cp312-cp312-manylinux2014_aarch64.manylinux_2_17_aarch64.manylinux_2_28_aarch64.whl", hash = "sha256:a524fca1a6f08927d9dc2d4c873cfb7bd7202c247f08b14bdc02424071b8b304"},
    {file = "coverage-7.15.1-cp312-cp312-manylinux2014_ppc64le.manylinux_2_17_ppc64le.manylinux_2_28_ppc64le.whl", hash = "sha256:d70f3542cd38de85a9e257dcb1ac4c1ab4b6d7d2c2a645809207556628755d1c"},
    {file = "coverage-7.15.1-cp312-cp312-manylinux_2_31_riscv64.manylinux_2_39_riscv64.whl", hash = "sha256:d78aa537237212c4313aabe5e964b66acc86350ed19ebc56a3e202df33b6077b"},
    {file = "coverage-7.15.1-cp312-cp312-musllinux_1_2_aarch64.whl", hash = "sha256:a318112bb4f79d9d04766196d5a3388caa825908a6a9b052aa87de3d9aea7c61"},
    {file = "coverage-7.15.1-cp312-cp312-musllinux_1_2_i686.whl", hash = "sha256:e55d24cada901963eed5bc89fa562aa033f0d84b9d3de4ecf363737c13aed11e"},
    {file = "coverage-7.15.1-cp312-cp312-musllinux_1_2_ppc64le.whl", hash = "sha256:3c78f0cea7275342cf2adc2ad5fdd0aafa106ad91e66d573568f2fcf62c41df5"},
    {file = "coverage-7.15.1-cp312-cp312-musllinux_1_2_riscv64.whl", hash = "sha256:86bd37eabe39977216f630a7fc1b698e7f5e81a191c7186013245c6c3d313f9d"},
    {file = "coverage-7.15.1-cp312-cp312-musllinux_1_2_x86_64.whl", hash = "sha256:c6db15c217693bdc3ca0b84de1ba9afafe1c14c26a8a29d77f4ed0de2b6132e2"},
    {file = "coverage-7.15.1-cp312-cp312-win32.whl", hash = "sha256:359f3fbe09a51500c51966596ee4ee4070b356552c70b3b2420eb200d68e0f76"},
    {file = "coverage-7.15.1-cp312-cp312-win_amd64.whl", hash = "sha256:fa75dc099c126e941a9c0baa8ebd2cbc78bd778687534fe410baf754f6d9e374"},
    {file = "coverage-7.15.1-cp312-cp312-win_arm64.whl", hash = "sha256:26f89cf6d0634375f454fa71057945ad18edb0f1607a90fecf22c57dc3dc289a"},
    {file = "coverage-7.15.1-cp313-cp313-macosx_10_13_x86_64.whl", hash = "sha256:71ac4ca1658ca99160fd58cc6967110e989c34b04627f24ed6ec9f70fb24571a"},
    {file = "coverage-7.15.1-cp313-cp313-macosx_11_0_arm64.whl", hash = "sha256:26a40cbf2b13bd94af53ee02a424cb3bb96a9edfac0d00834bd068512a62714b"},
    {file = "coverage-7.15.1-cp313-cp313-manylinux1_i686.manylinux_2_28_i686.manylinux_2_5_i686.whl", hash = "sha256:f4c5a5eff4ad4f9f7088fd3fc7a66d98d06566ee294b3b053309fb0a3b45be1e"},
    {file = "coverage-7.15.1-cp313-cp313-manylinux1_x86_64.manylinux_2_28_x86_64.manylinux_2_5_x86_64.whl", hash = "sha256:962aa56c1c9b016d681265880eb6acc9966029d2c4c559319cc43a1abbb9b59a"},
    {file = "coverage-7.15.1-cp313-cp313-manylinux2014_aarch64.manylinux_2_17_aarch64.manylinux_2_28_aarch64.whl", hash = "sha256:1678eb2dc57a8ce67601b029582ef6d41e9e6ca22692aaeccd4107e40f27386c"},
    {file = "coverage-7.15.1-cp313-cp313-manylinux2014_ppc64le.manylinux_2_17_ppc64le.manylinux_2_28_ppc64le.whl", hash = "sha256:1174900a43f6f8c425fee10d7dbddc308adefcdc78aaced32357f5ab750a0e90"},
    {file = "coverage-7.15.1-cp313-cp313-manylinux_2_31_riscv64.manylinux_2_39_riscv64.whl", hash = "sha256:98847557a6859cadf693792ce89f440cb89692993f60dc6d3a7e35f3d340216f"},
    {file = "coverage-7.15.1-cp313-cp313-musllinux_1_2_aarch64.whl", hash = "sha256:8697b2edb57143546a24389efc11e1b000cd5800fc20d84f04edb601e4a7cfb8"},
    {file = "coverage-7.15.1-cp313-cp313-musllinux_1_2_i686.whl", hash = "sha256:6827ac0519be3fe91bf96b4060eb00d1d24f82649b29862cd75a3cfca248b02a"},
    {file = "coverage-7.15.1-cp313-cp313-musllinux_1_2_ppc64le.whl", hash = "sha256:2de8ecbbc77c7e4d22572779920ed8979c69168675e96be3a548c996568c6c31"},
    {file = "coverage-7.15.1-cp313-cp313-musllinux_1_2_riscv64.whl", hash = "sha256:2b25f0f0fa5260df9d7bb55d47c8bdc23fa3382c1a18f7c9cae122e6c320b1ad"},
    {file = "coverage-7.15.1-cp313-cp313-musllinux_1_2_x86_64.whl", hash = "sha256:4a2effcbd93ae340a58db718fe4181d967f84d352c4cefeaab4ff82ce813901a"},
    {file = "coverage-7.15.1-cp313-cp313-win32.whl", hash = "sha256:895e65c96aef0cecea250f6e35e9a32f11375514e1a0cb5210e0fda128c04e8e"},
    {file = "coverage-7.15.1-cp313-cp313-win_amd64.whl", hash = "sha256:f6d0a28b63a0d75f9ed5118105d1154fc3aa40a8605a30d5d87e3d043ad90fe7"},
    {file = "coverage-7.15.1-cp313-cp313-win_arm64.whl", hash = "sha256:b4ee9818e8bae3544379ad2c09b851c4fb886aaa8860d57a1c1316ddcb16db49"},
    {file = "coverage-7.15.1-cp314-cp314-macosx_10_15_x86_64.whl", hash = "sha256:a886af95f59edf67d5770fd3564d53f4a8af93f25f8c1d60d27e00d7f5674ee8"},
    {file = "coverage-7.15.1-cp314-cp314-macosx_11_0_arm64.whl", hash = "sha256:985657ebd707941de90d488d1cbb5efac20bdf81f7b91eba771624ccda4d36f4"},
    {file = "coverage-7.15.1-cp314-cp314-manylinux1_i686.manylinux_2_28_i686.manylinux_2_5_i686.whl", hash = "sha256:5bbe2a06e0a5e1404d9ffbdb49b819bbd6a3bb198ebea4c8dfe7ad9f1e1c2e81"},
    {file = "coverage-7.15.1-cp314-cp314-manylinux1_x86_64.manylinux_2_28_x86_64.manylinux_2_5_x86_64.whl", hash = "sha256:bde0fe24083d0b7b3dbafa7a09f0796410af1afa2523f28f5f208d8340a4aaca"},
    {file = "coverage-7.15.1-cp314-cp314-manylinux2014_aarch64.manylinux_2_17_aarch64.manylinux_2_28_aarch64.whl", hash = "sha256:f89f7453d6d46db14cf233e2cd8edcd78de2b9c49d4f1dc109590b4e5dbfbb74"},
    {file = "coverage-7.15.1-cp314-cp314-manylinux2014_ppc64le.manylinux_2_17_ppc64le.manylinux_2_28_ppc64le.whl", hash = "sha256:cc3656c9ecc27b36bd0907455b77f83c0069ca9ad4a66dec892b76c696eb6047"},
    {file = "coverage-7.15.1-cp314-cp314-manylinux_2_31_riscv64.manylinux_2_39_riscv64.whl", hash = "sha256:24d8e85a2a45e44883b488c2659f51fa761dad5353fdb319b672a93facbd2ca9"},
    {file = "coverage-7.15.1-cp314-cp314-musllinux_1_2_aarch64.whl", hash = "sha256:68931b5fe746ed4fdaa8892989cab9e6c35781eeb3b0ab2ded893d561e1b3652"},
    {file = "coverage-7.15.1-cp314-cp314-musllinux_1_2_i686.whl", hash = "sha256:1ce6947e2a95534ecaa5a15e73c21e550514c980d80eda204d064d789a95f6a4"},
    {file = "coverage-7.15.1-cp314-cp314-musllinux_1_2_ppc64le.whl", hash = "sha256:841befdbc89b9c82435fc25b0f4f41858b6238693e45af758bec4cfc1968171c"},
    {file = "coverage-7.15.1-cp314-cp314-musllinux_1_2_riscv64.whl", hash = "sha256:5d3de58b837375e7f4c0e1a088ccab5f655efb2fd7427b729df02c862a559633"},
    {file = "coverage-7.15.1-cp314-cp314-musllinux_1_2_x86_64.whl", hash = "sha256:b1801963f9f44ae0c0f6d737bc7aeb2bbcde7d1fe7e3b43cddc1961af42d3b41"},
    {file = "coverage-7.15.1-cp314-cp314-win32.whl", hash = "sha256:8c7953c4128ef53b6ffb5f90d87c87d4ce26731df294760bb2314eb0e069e44b"},
    {file = "coverage-7.15.1-cp314-cp314-win_amd64.whl", hash = "sha256:6f0bab60a582d415f0fb535ccff13ba334a47a1538f98913330a525d23bd535a"},
    {file = "coverage-7.15.1-cp314-cp314-win_arm64.whl", hash = "sha256:0f410ee8f0ac4ec7db71bc0b7632a8b9994e1cad2755bd1566c17e6a162caa74"},
    {file = "coverage-7.15.1-cp314-cp314t-macosx_10_15_x86_64.whl", hash = "sha256:fc868bab88e049d41fcd41766810d790a8b960053be2a45e060f5ce0d31d258b"},
    {file = "coverage-7.15.1-cp314-cp314t-macosx_11_0_arm64.whl", hash = "sha256:206d4ec6028f2773b40932d09f074539d6bcdd8f6b318d40cb04bdbd68ed0b49"},
    {file = "coverage-7.15.1-cp314-cp314t-manylinux1_i686.manylinux_2_28_i686.manylinux_2_5_i686.whl", hash = "sha256:620482ef1c9f4e61f962e159325fe77dea59d16e39d9c9470d069053b244d864"},
    {file = "coverage-7.15.1-cp314-cp314t-manylinux1_x86_64.manylinux_2_28_x86_64.manylinux_2_5_x86_64.whl", hash = "sha256:d385fc9b054e309ad3cecdc77b586d2af0c98aeec2fdb3773544586f366e817c"},
    {file = "coverage-7.15.1-cp314-cp314t-manylinux2014_aarch64.manylinux_2_17_aarch64.manylinux_2_28_aarch64.whl", hash = "sha256:f1198bca9c0dd7c188aae1f185b0c0b5fc4f0a2b6909000858c29550320bdb07"},
    {file = "coverage-7.15.1-cp314-cp314t-manylinux2014_ppc64le.manylinux_2_17_ppc64le.manylinux_2_28_ppc64le.whl", hash = "sha256:5d0297e6a070eadb49df7cddd0ab6f420b8b689dd8904c7dd815a323168fa57e"},
    {file = "coverage-7.15.1-cp314-cp314t-manylinux_2_31_riscv64.manylinux_2_39_riscv64.whl", hash = "sha256:916fcf2214f56960e409561b37fc32a160a42b6e85483d0652d7b70fa55d707e"},
    {file = "coverage-7.15.1-cp314-cp314t-musllinux_1_2_aarch64.whl", hash = "sha256:f837bae572c7869ffaa502e604c87e182543012831cf87aae4586ad090ac6dcf"},
    {file = "coverage-7.15.1-cp314-cp314t-musllinux_1_2_i686.whl", hash = "sha256:3ea65e3ee6c7c32349fd00559927a9e577bdd72386087eeed1c42b62dfce9b82"},
    {file = "coverage-7.15.1-cp314-cp314t-musllinux_1_2_ppc64le.whl", hash = "sha256:345034976f46a1c54bd17f4e43eb30bb92cb7082fcddff03250cff136cc4eb82"},
    {file = "coverage-7.15.1-cp314-cp314t-musllinux_1_2_riscv64.whl", hash = "sha256:4f051a64eb8f8addb4661c2b41d6eea5b7ebc68ad4b2baea8d9bc54e1956e5f7"},
    {file = "coverage-7.15.1-cp314-cp314t-musllinux_1_2_x86_64.whl", hash = "sha256:a7625770f7720b49bb30d194ad2f8d50fab3c5177874af3d2399676f95f9c594"},
    {file = "coverage-7.15.1-cp314-cp314t-win32.whl", hash = "sha256:81e503d130a472ad1bd38199ecd35116b40d92bcd31e27a2cacde035381f2070"},
    {file = "coverage-7.15.1-cp314-cp314t-win_amd64.whl", hash = "sha256:724e878b213b302ad46e9f2fc872d386613f20ebfc492a211482d917ea76c14f"},
    {file = "coverage-7.15.1-cp314-cp314t-win_arm64.whl", hash = "sha256:ce2f05c14d077f406fefc4fa5e4f093ad0e0787549f6582535d6e28766f0361b"},
    {file = "coverage-7.15.1-py3-none-any.whl", hash = "sha256:717d01e6e00bed56ad13306f19e0dd2f4f645ee8159d2c72c72301d6cfc7090c"},
    {file = "coverage-7.15.1.tar.gz", hash = "sha256:165e9949eaf222ef1f018635d0d7f368a23bfe0212af558534c40d8c04686d67"},
]

[package.extras]
toml = ["tomli ; python_full_version <= \"3.11.0a6\""]

[[package]]
name = "et-xmlfile"
version = "1.1.0"
description = "An implementation of lxml.xmlfile for the standard library"
optional = false
python-versions = ">=3.6"
groups = ["main"]
files = [
    {file = "et_xmlfile-1.1.0-py3-none-any.whl", hash = "sha256:a2ba85d1d6a74ef63837eed693bcb89c3f752169b0e3e7ae5b16ca5e1b3deada"},
    {file = "et_xmlfile-1.1.0.tar.gz", hash = "sha256:8eb9e2bc2f8c97e37a2dc85a09ecdcdec9d8a396530a6d5a33b30b9a92da0c5c"},
]

[[package]]
name = "iniconfig"
version = "2.3.0"
description = "brain-dead simple config-ini parsing"
optional = false
python-versions = ">=3.10"
groups = ["main"]
files = [
    {file = "iniconfig-2.3.0-py3-none-any.whl", hash = "sha256:f631c04d2c48c52b84d0d0549c99ff3859c98df65b3101406327ecc7d53fbf12"},
    {file = "iniconfig-2.3.0.tar.gz", hash = "sha256:c76315c77db068650d49c5b56314774a7804df16fee4402c1f19d6d15d8c4730"},
]

[[package]]
name = "jsonpath-ng"
version = "1.6.1"
description = "A final implementation of JSONPath for Python that aims to be standard compliant, including arithmetic and binary comparison operators and providing clear AST for metaprogramming."
optional = false
python-versions = "*"
groups = ["main"]
files = [
    {file = "jsonpath-ng-1.6.1.tar.gz", hash = "sha256:086c37ba4917304850bd837aeab806670224d3f038fe2833ff593a672ef0a5fa"},
    {file = "jsonpath_ng-1.6.1-py3-none-any.whl", hash = "sha256:8f22cd8273d7772eea9aaa84d922e0841aa36fdb8a2c6b7f6c3791a16a9bc0be"},
]

[package.dependencies]
ply = "*"

[[package]]
name = "openpyxl"
version = "3.1.5"
description = "A Python library to read/write Excel 2010 xlsx/xlsm files"
optional = false
python-versions = ">=3.8"
groups = ["main"]
files = [
    {file = "openpyxl-3.1.5-py2.py3-none-any.whl", hash = "sha256:5282c12b107bffeef825f4617dc029afaf41d0ea60823bbb665ef3079dc79de2"},
    {file = "openpyxl-3.1.5.tar.gz", hash = "sha256:cf0e3cf56142039133628b5acffe8ef0c12bc902d2aadd3e0fe5878dc08d1050"},
]

[package.dependencies]
et-xmlfile = "*"

[[package]]
name = "orjson"
version = "3.11.6"
description = "Fast, correct Python JSON library supporting dataclasses, datetimes, and numpy"
optional = false
python-versions = ">=3.10"
groups = ["main"]
files = [
    {file = "orjson-3.11.6-cp310-cp310-macosx_10_15_x86_64.macosx_11_0_arm64.macosx_10_15_universal2.whl", hash = "sha256:a613fc37e007143d5b6286dccb1394cd114b07832417006a02b620ddd8279e37"},
    {file = "orjson-3.11.6-cp310-cp310-manylinux_2_17_aarch64.manylinux2014_aarch64.whl", hash = "sha256:46ebee78f709d3ba7a65384cfe285bb0763157c6d2f836e7bde2f12d33a867a2"},
    {file = "orjson-3.11.6-cp310-cp310-manylinux_2_17_armv7l.manylinux2014_armv7l.whl", hash = "sha256:a726fa86d2368cd57990f2bd95ef5495a6e613b08fc9585dfe121ec758fb08d1"},
    {file = "orjson-3.11.6-cp310-cp310-manylinux_2_17_i686.manylinux2014_i686.whl", hash = "sha256:150f12e59d6864197770c78126e1a6e07a3da73d1728731bf3bc1e8b96ffdbe6"},
    {file = "orjson-3.11.6-cp310-cp310-manylinux_2_17_ppc64le.manylinux2014_ppc64le.whl", hash = "sha256:9a2d9746a5b5ce20c0908ada451eb56da4ffa01552a50789a0354d8636a02953"},
    {file = "orjson-3.11.6-cp310-cp310-manylinux_2_17_s390x.manylinux2014_s390x.whl", hash = "sha256:afd177f5dd91666d31e9019f1b06d2fcdf8a409a1637ddcb5915085dede85680"},
    {file = "orjson-3.11.6-cp310-cp310-manylinux_2_17_x86_64.manylinux2014_x86_64.whl", hash = "sha256:8d777ec41a327bd3b7de97ba7bce12cc1007815ca398e4e4de9ec56c022c090b"},
    {file = "orjson-3.11.6-cp310-cp310-musllinux_1_2_aarch64.whl", hash = "sha256:f3a135f83185c87c13ff231fcb7dbb2fa4332a376444bd65135b50ff4cc5265c"},
    {file = "orjson-3.11.6-cp310-cp310-musllinux_1_2_armv7l.whl", hash = "sha256:2a8eeed7d4544cf391a142b0dd06029dac588e96cc692d9ab1c3f05b1e57c7f6"},
    {file = "orjson-3.11.6-cp310-cp310-musllinux_1_2_i686.whl", hash = "sha256:9d576865a21e5cc6695be8fb78afc812079fd361ce6a027a7d41561b61b33a90"},
    {file = "orjson-3.11.6-cp310-cp310-musllinux_1_2_x86_64.whl", hash = "sha256:925e2df51f60aa50f8797830f2adfc05330425803f4105875bb511ced98b7f89"},
    {file = "orjson-3.11.6-cp310-cp310-win32.whl", hash = "sha256:09dded2de64e77ac0b312ad59f35023548fb87393a57447e1bb36a26c181a90f"},
    {file = "orjson-3.11.6-cp310-cp310-win_amd64.whl", hash = "sha256:3a63b5e7841ca8635214c6be7c0bf0246aa8c5cd4ef0c419b14362d0b2fb13de"},
    {file = "orjson-3.11.6-cp311-cp311-macosx_10_15_x86_64.macosx_11_0_arm64.macosx_10_15_universal2.whl", hash = "sha256:e259e85a81d76d9665f03d6129e09e4435531870de5961ddcd0bf6e3a7fde7d7"},
    {file = "orjson-3.11.6-cp311-cp311-macosx_15_0_arm64.whl", hash = "sha256:52263949f41b4a4822c6b1353bcc5ee2f7109d53a3b493501d3369d6d0e7937a"},
    {file = "orjson-3.11.6-cp311-cp311-manylinux_2_17_aarch64.manylinux2014_aarch64.whl", hash = "sha256:6439e742fa7834a24698d358a27346bb203bff356ae0402e7f5df8f749c621a8"},
    {file = "orjson-3.11.6-cp311-cp311-manylinux_2_17_armv7l.manylinux2014_armv7l.whl", hash = "sha256:b81ffd68f084b4e993e3867acb554a049fa7787cc8710bbcc1e26965580d99be"},
    {file = "orjson-3.11.6-cp311-cp311-manylinux_2_17_i686.manylinux2014_i686.whl", hash = "sha256:a5a5468e5e60f7ef6d7f9044b06c8f94a3c56ba528c6e4f7f06ae95164b595ec"},
    {file = "orjson-3.11.6-cp311-cp311-manylinux_2_17_ppc64le.manylinux2014_ppc64le.whl", hash = "sha256:72c5005eb45bd2535632d4f3bec7ad392832cfc46b62a3021da3b48a67734b45"},
    {file = "orjson-3.11.6-cp311-cp311-manylinux_2_17_s390x.manylinux2014_s390x.whl", hash = "sha256:0b14dd49f3462b014455a28a4d810d3549bf990567653eb43765cd847df09145"},
    {file = "orjson-3.11.6-cp311-cp311-manylinux_2_17_x86_64.manylinux2014_x86_64.whl", hash = "sha256:6e0bb2c1ea30ef302f0f89f9bf3e7f9ab5e2af29dc9f80eb87aa99788e4e2d65"},
    {file = "orjson-3.11.6-cp311-cp311-musllinux_1_2_aarch64.whl", hash = "sha256:825e0a85d189533c6bff7e2fc417a28f6fcea53d27125c4551979aecd6c9a197"},
    {file = "orjson-3.11.6-cp311-cp311-musllinux_1_2_armv7l.whl", hash = "sha256:b04575417a26530637f6ab4b1f7b4f666eb0433491091da4de38611f97f2fcf3"},
    {file = "orjson-3.11.6-cp311-cp311-musllinux_1_2_i686.whl", hash = "sha256:b83eb2e40e8c4da6d6b340ee6b1d6125f5195eb1b0ebb7eac23c6d9d4f92d224"},
    {file = "orjson-3.11.6-cp311-cp311-musllinux_1_2_x86_64.whl", hash = "sha256:1f42da604ee65a6b87eef858c913ce3e5777872b19321d11e6fc6d21de89b64f"},
    {file = "orjson-3.11.6-cp311-cp311-win32.whl", hash = "sha256:5ae45df804f2d344cffb36c43fdf03c82fb6cd247f5faa41e21891b40dfbf733"},
    {file = "orjson-3.11.6-cp311-cp311-win_amd64.whl", hash = "sha256:f4295948d65ace0a2d8f2c4ccc429668b7eb8af547578ec882e16bf79b0050b2"},
    {file = "orjson-3.11.6-cp311-cp311-win_arm64.whl", hash = "sha256:314e9c45e0b81b547e3a1cfa3df3e07a815821b3dac9fe8cb75014071d0c16a4"},
    {file = "orjson-3.11.6-cp312-cp312-macosx_10_15_x86_64.macosx_11_0_arm64.macosx_10_15_universal2.whl", hash = "sha256:6f03f30cd8953f75f2a439070c743c7336d10ee940da918d71c6f3556af3ddcf"},
    {file = "orjson-3.11.6-cp312-cp312-macosx_15_0_arm64.whl", hash = "sha256:af44baae65ef386ad971469a8557a0673bb042b0b9fd4397becd9c2dfaa02588"},
    {file = "orjson-3.11.6-cp312-cp312-manylinux_2_17_aarch64.manylinux2014_aarch64.whl", hash = "sha256:c310a48542094e4f7dbb6ac076880994986dda8ca9186a58c3cb70a3514d3231"},
    {file = "orjson-3.11.6-cp312-cp312-manylinux_2_17_armv7l.manylinux2014_armv7l.whl", hash = "sha256:d8dfa7a5d387f15ecad94cb6b2d2d5f4aeea64efd8d526bfc03c9812d01e1cc0"},
    {file = "orjson-3.11.6-cp312-cp312-manylinux_2_17_i686.manylinux2014_i686.whl", hash = "sha256:ba8daee3e999411b50f8b50dbb0a3071dd1845f3f9a1a0a6fa6de86d1689d84d"},
    {file = "orjson-3.11.6-cp312-cp312-manylinux_2_17_ppc64le.manylinux2014_ppc64le.whl", hash = "sha256:f89d104c974eafd7436d7a5fdbc57f7a1e776789959a2f4f1b2eab5c62a339f4"},
    {file = "orjson-3.11.6-cp312-cp312-manylinux_2_17_s390x.manylinux2014_s390x.whl", hash = "sha256:b2e2e2456788ca5ea75616c40da06fc885a7dc0389780e8a41bf7c5389ba257b"},
    {file = "orjson-3.11.6-cp312-cp312-manylinux_2_17_x86_64.manylinux2014_x86_64.whl", hash = "sha256:2a42efebc45afabb1448001e90458c4020d5c64fbac8a8dc4045b777db76cb5a"},
    {file = "orjson-3.11.6-cp312-cp312-musllinux_1_2_aarch64.whl", hash = "sha256:71b7cbef8471324966c3738c90ba38775563ef01b512feb5ad4805682188d1b9"},
    {file = "orjson-3.11.6-cp312-cp312-musllinux_1_2_armv7l.whl", hash = "sha256:f8515e5910f454fe9a8e13c2bb9dc4bae4c1836313e967e72eb8a4ad874f0248"},
    {file = "orjson-3.11.6-cp312-cp312-musllinux_1_2_i686.whl", hash = "sha256:300360edf27c8c9bf7047345a94fddf3a8b8922df0ff69d71d854a170cb375cf"},
    {file = "orjson-3.11.6-cp312-cp312-musllinux_1_2_x86_64.whl", hash = "sha256:caaed4dad39e271adfadc106fab634d173b2bb23d9cf7e67bd645f879175ebfc"},
    {file = "orjson-3.11.6-cp312-cp312-win32.whl", hash = "sha256:955368c11808c89793e847830e1b1007503a5923ddadc108547d3b77df761044"},
    {file = "orjson-3.11.6-cp312-cp312-win_amd64.whl", hash = "sha256:2c68de30131481150073d90a5d227a4a421982f42c025ecdfb66157f9579e06f"},
    {file = "orjson-3.11.6-cp312-cp312-win_arm64.whl", hash = "sha256:65dfa096f4e3a5e02834b681f539a87fbe85adc82001383c0db907557f666bfc"},
    {file = "orjson-3.11.6-cp313-cp313-macosx_10_15_x86_64.macosx_11_0_arm64.macosx_10_15_universal2.whl", hash = "sha256:e4ae1670caabb598a88d385798692ce2a1b2f078971b3329cfb85253c6097f5b"},
    {file = "orjson-3.11.6-cp313-cp313-macosx_15_0_arm64.whl", hash = "sha256:2c6b81f47b13dac2caa5d20fbc953c75eb802543abf48403a4703ed3bff225f0"},
    {file = "orjson-3.11.6-cp313-cp313-manylinux_2_17_aarch64.manylinux2014_aarch64.whl", hash = "sha256:647d6d034e463764e86670644bdcaf8e68b076e6e74783383b01085ae9ab334f"},
    {file = "orjson-3.11.6-cp313-cp313-manylinux_2_17_armv7l.manylinux2014_armv7l.whl", hash = "sha256:8523b9cc4ef174ae52414f7699e95ee657c16aa18b3c3c285d48d7966cce9081"},
    {file = "orjson-3.11.6-cp313-cp313-manylinux_2_17_i686.manylinux2014_i686.whl", hash = "sha256:313dfd7184cde50c733fc0d5c8c0e2f09017b573afd11dc36bd7476b30b4cb17"},
    {file = "orjson-3.11.6-cp313-cp313-manylinux_2_17_ppc64le.manylinux2014_ppc64le.whl", hash = "sha256:905ee036064ff1e1fd1fb800055ac477cdcb547a78c22c1bc2bbf8d5d1a6fb42"},
    {file = "orjson-3.11.6-cp313-cp313-manylinux_2_17_s390x.manylinux2014_s390x.whl", hash = "sha256:ce374cb98411356ba906914441fc993f271a7a666d838d8de0e0900dd4a4bc12"},
    {file = "orjson-3.11.6-cp313-cp313-manylinux_2_17_x86_64.manylinux2014_x86_64.whl", hash = "sha256:cded072b9f65fcfd188aead45efa5bd528ba552add619b3ad2a81f67400ec450"},
    {file = "orjson-3.11.6-cp313-cp313-musllinux_1_2_aarch64.whl", hash = "sha256:7ab85bdbc138e1f73a234db6bb2e4cc1f0fcec8f4bd2bd2430e957a01aadf746"},
    {file = "orjson-3.11.6-cp313-cp313-musllinux_1_2_armv7l.whl", hash = "sha256:351b96b614e3c37a27b8ab048239ebc1e0be76cc17481a430d70a77fb95d3844"},
    {file = "orjson-3.11.6-cp313-cp313-musllinux_1_2_i686.whl", hash = "sha256:f9959c85576beae5cdcaaf39510b15105f1ee8b70d5dacd90152617f57be8c83"},
    {file = "orjson-3.11.6-cp313-cp313-musllinux_1_2_x86_64.whl", hash = "sha256:75682d62b1b16b61a30716d7a2ec1f4c36195de4a1c61f6665aedd947b93a5d5"},
    {file = "orjson-3.11.6-cp313-cp313-win32.whl", hash = "sha256:40dc277999c2ef227dcc13072be879b4cfd325502daeb5c35ed768f706f2bf30"},
    {file = "orjson-3.11.6-cp313-cp313-win_amd64.whl", hash = "sha256:f0f6e9f8ff7905660bc3c8a54cd4a675aa98f7f175cf00a59815e2ff42c0d916"},
    {file = "orjson-3.11.6-cp313-cp313-win_arm64.whl", hash = "sha256:1608999478664de848e5900ce41f25c4ecdfc4beacbc632b6fd55e1a586e5d38"},
    {file = "orjson-3.11.6-cp314-cp314-macosx_10_15_x86_64.macosx_11_0_arm64.macosx_10_15_universal2.whl", hash = "sha256:6026db2692041d2a23fe2545606df591687787825ad5821971ef0974f2c47630"},
    {file = "orjson-3.11.6-cp314-cp314-macosx_15_0_arm64.whl", hash = "sha256:132b0ab2e20c73afa85cf142e547511feb3d2f5b7943468984658f3952b467d4"},
    {file = "orjson-3.11.6-cp314-cp314-manylinux_2_17_aarch64.manylinux2014_aarch64.whl", hash = "sha256:b376fb05f20a96ec117d47987dd3b39265c635725bda40661b4c5b73b77b5fde"},
    {file = "orjson-3.11.6-cp314-cp314-manylinux_2_17_armv7l.manylinux2014_armv7l.whl", hash = "sha256:954dae4e080574672a1dfcf2a840eddef0f27bd89b0e94903dd0824e9c1db060"},
    {file = "orjson-3.11.6-cp314-cp314-manylinux_2_17_i686.manylinux2014_i686.whl", hash = "sha256:fe515bb89d59e1e4b48637a964f480b35c0a2676de24e65e55310f6016cca7ce"},
    {file = "orjson-3.11.6-cp314-cp314-manylinux_2_17_ppc64le.manylinux2014_ppc64le.whl", hash = "sha256:380f9709c275917af28feb086813923251e11ee10687257cd7f1ea188bcd4485"},
    {file = "orjson-3.11.6-cp314-cp314-manylinux_2_17_s390x.manylinux2014_s390x.whl", hash = "sha256:a8173e0d3f6081e7034c51cf984036d02f6bab2a2126de5a759d79f8e5a140e7"},
    {file = "orjson-3.11.6-cp314-cp314-manylinux_2_17_x86_64.manylinux2014_x86_64.whl", hash = "sha256:6dddf9ba706294906c56ef5150a958317b09aa3a8a48df1c52ccf22ec1907eac"},
    {file = "orjson-3.11.6-cp314-cp314-musllinux_1_2_aarch64.whl", hash = "sha256:cbae5c34588dc79938dffb0b6fbe8c531f4dc8a6ad7f39759a9eb5d2da405ef2"},
    {file = "orjson-3.11.6-cp314-cp314-musllinux_1_2_armv7l.whl", hash = "sha256:f75c318640acbddc419733b57f8a07515e587a939d8f54363654041fd1f4e465"},
    {file = "orjson-3.11.6-cp314-cp314-musllinux_1_2_i686.whl", hash = "sha256:e0ab8d13aa2a3e98b4a43487c9205b2c92c38c054b4237777484d503357c8437"},
    {file = "orjson-3.11.6-cp314-cp314-musllinux_1_2_x86_64.whl", hash = "sha256:f884c7fb1020d44612bd7ac0db0babba0e2f78b68d9a650c7959bf99c783773f"},
    {file = "orjson-3.11.6-cp314-cp314-win32.whl", hash = "sha256:8d1035d1b25732ec9f971e833a3e299d2b1a330236f75e6fd945ad982c76aaf3"},
    {file = "orjson-3.11.6-cp314-cp314-win_amd64.whl", hash = "sha256:931607a8865d21682bb72de54231655c86df1870502d2962dbfd12c82890d077"},
    {file = "orjson-3.11.6-cp314-cp314-win_arm64.whl", hash = "sha256:fe71f6b283f4f1832204ab8235ce07adad145052614f77c876fcf0dac97bc06f"},
    {file = "orjson-3.11.6.tar.gz", hash = "sha256:0a54c72259f35299fd033042367df781c2f66d10252955ca1efb7db309b954cb"},
]

[[package]]
name = "packaging"
version = "26.2"
description = "Core utilities for Python packages"
optional = false
python-versions = ">=3.8"
groups = ["main"]
files = [
    {file = "packaging-26.2-py3-none-any.whl", hash = "sha256:5fc45236b9446107ff2415ce77c807cee2862cb6fac22b8a73826d0693b0980e"},
    {file = "packaging-26.2.tar.gz", hash = "sha256:ff452ff5a3e828ce110190feff1178bb1f2ea2281fa2075aadb987c2fb221661"},
]

[[package]]
name = "pluggy"
version = "1.6.0"
description = "plugin and hook calling mechanisms for python"
optional = false
python-versions = ">=3.9"
groups = ["main"]
files = [
    {file = "pluggy-1.6.0-py3-none-any.whl", hash = "sha256:e920276dd6813095e9377c0bc5566d94c932c33b27a3e3945d8389c374dd4746"},
    {file = "pluggy-1.6.0.tar.gz", hash = "sha256:7dcc130b76258d33b90f61b658791dede3486c3e6bfb003ee5c9bfb396dd22f3"},
]

[package.extras]
dev = ["pre-commit", "tox"]
testing = ["coverage", "pytest", "pytest-benchmark"]

[[package]]
name = "ply"
version = "3.11"
description = "Python Lex & Yacc"
optional = false
python-versions = "*"
groups = ["main"]
files = [
    {file = "ply-3.11-py2.py3-none-any.whl", hash = "sha256:096f9b8350b65ebd2fd1346b12452efe5b9607f7482813ffca50c22722a807ce"},
    {file = "ply-3.11.tar.gz", hash = "sha256:00c7c1aaa88358b9c765b6d3000c6eec0ba42abca5351b095321aef446081da3"},
]

[[package]]
name = "pygments"
version = "2.20.0"
description = "Pygments is a syntax highlighting package written in Python."
optional = false
python-versions = ">=3.9"
groups = ["main"]
files = [
    {file = "pygments-2.20.0-py3-none-any.whl", hash = "sha256:81a9e26dd42fd28a23a2d169d86d7ac03b46e2f8b59ed4698fb4785f946d0176"},
    {file = "pygments-2.20.0.tar.gz", hash = "sha256:6757cd03768053ff99f3039c1a36d6c0aa0b263438fcab17520b30a303a82b5f"},
]

[package.extras]
windows-terminal = ["colorama (>=0.4.6)"]

[[package]]
name = "pytest"
version = "8.4.2"
description = "pytest: simple powerful testing with Python"
optional = false
python-versions = ">=3.9"
groups = ["main"]
files = [
    {file = "pytest-8.4.2-py3-none-any.whl", hash = "sha256:872f880de3fc3a5bdc88a11b39c9710c3497a547cfa9320bc3c5e62fbf272e79"},
    {file = "pytest-8.4.2.tar.gz", hash = "sha256:86c0d0b93306b961d58d62a4db4879f27fe25513d4b969df351abdddb3c30e01"},
]

[package.dependencies]
colorama = {version = ">=0.4", markers = "sys_platform == \"win32\""}
iniconfig = ">=1"
packaging = ">=20"
pluggy = ">=1.5,<2"
pygments = ">=2.7.2"

[package.extras]
dev = ["argcomplete", "attrs (>=19.2)", "hypothesis (>=3.56)", "mock", "requests", "setuptools", "xmlschema"]

[[package]]
name = "pytest-cov"
version = "7.0.0"
description = "Pytest plugin for measuring coverage."
optional = false
python-versions = ">=3.9"
groups = ["main"]
files = [
    {file = "pytest_cov-7.0.0-py3-none-any.whl", hash = "sha256:3b8e9558b16cc1479da72058bdecf8073661c7f57f7d3c5f22a1c23507f2d861"},
    {file = "pytest_cov-7.0.0.tar.gz", hash = "sha256:33c97eda2e049a0c5298e91f519302a1334c26ac65c1a483d6206fd458361af1"},
]

[package.dependencies]
coverage = {version = ">=7.10.6", extras = ["toml"]}
pluggy = ">=1.2"
pytest = ">=7"

[package.extras]
testing = ["process-tests", "pytest-xdist", "virtualenv"]

[metadata]
lock-version = "2.1"
python-versions = ">=3.13"
content-hash = "3507bfe18feb6bb224962cf7091e8fdcee2431b0b17f66d8b9ba4bfe07e82d0e"
